
Microsoft Visual Studio Solution File, Format Version 12.00
# Visual Studio Version 16
VisualStudioVersion = 16.0.30717.126
MinimumVisualStudioVersion = 10.0.40219.1
Project("{9A19103F-16F7-4668-BE54-9A1E7A4F7556}") = "Hubtel.ProgrammableServices.Sdk", "src\Hubtel.ProgrammableServices.Sdk\Hubtel.ProgrammableServices.Sdk.csproj", "{A474ACB5-AADC-4459-95DE-91A24FF592B2}"
EndProject
Global
	GlobalSection(SolutionConfigurationPlatforms) = preSolution
		Debug|Any CPU = Debug|Any CPU
		Release|Any CPU = Release|Any CPU
	EndGlobalSection
	GlobalSection(ProjectConfigurationPlatforms) = postSolution
		{A474ACB5-AADC-4459-95DE-91A24FF592B2}.Debug|Any CPU.ActiveCfg = Debug|Any CPU
		{A474ACB5-AADC-4459-95DE-91A24FF592B2}.Debug|Any CPU.Build.0 = Debug|Any CPU
		{A474ACB5-AADC-4459-95DE-91A24FF592B2}.Release|Any CPU.ActiveCfg = Release|Any CPU
		{A474ACB5-AADC-4459-95DE-91A24FF592B2}.Release|Any CPU.Build.0 = Release|Any CPU
	EndGlobalSection
	GlobalSection(SolutionProperties) = preSolution
		HideSolutionNode = FALSE
	EndGlobalSection
	GlobalSection(ExtensibilityGlobals) = postSolution
		SolutionGuid = {7F21F51F-4E35-424B-9254-4BC4C2477CE9}
	EndGlobalSection
EndGlobal
